
Microsoft Visual Studio Solution File, Format Version 12.00
Project("{FAE04EC0-301F-11D3-BF4B-00C04F79EFBC}") = "ExamenParcial", "ExamenParcial.csproj", "{34C4663A-047E-4109-9E6A-3204AFA36AE9}"
EndProject
Global
	GlobalSection(SolutionConfigurationPlatforms) = preSolution
		Debug|Any CPU = Debug|Any CPU
		Release|Any CPU = Release|Any CPU
	EndGlobalSection
	GlobalSection(ProjectConfigurationPlatforms) = postSolution
		{34C4663A-047E-4109-9E6A-3204AFA36AE9}.Debug|Any CPU.ActiveCfg = Debug|Any CPU
		{34C4663A-047E-4109-9E6A-3204AFA36AE9}.Debug|Any CPU.Build.0 = Debug|Any CPU
		{34C4663A-047E-4109-9E6A-3204AFA36AE9}.Release|Any CPU.ActiveCfg = Release|Any CPU
		{34C4663A-047E-4109-9E6A-3204AFA36AE9}.Release|Any CPU.Build.0 = Release|Any CPU
	EndGlobalSection
EndGlobal
